// !$*UTF8*$!
{
	archiveVersion = 1;
	classes = {
	};
	objectVersion = 50;
	objects = {

/* Begin PBXBuildFile section */
		8F73470526C3EF1C00A7414B /* SearchUserScreenController.swift in Sources */ = {isa = PBXBuildFile; fileRef = 8F73470426C3EF1C00A7414B /* SearchUserScreenController.swift */; };
		8F73470726C3EF2B00A7414B /* SearchUserScreenView.swift in Sources */ = {isa = PBXBuildFile; fileRef = 8F73470626C3EF2B00A7414B /* SearchUserScreenView.swift */; };
		8F73470C26C4F88100A7414B /* SearchUserScreenTableViewCell.swift in Sources */ = {isa = PBXBuildFile; fileRef = 8F73470B26C4F88100A7414B /* SearchUserScreenTableViewCell.swift */; };
		8F73470F26C5184F00A7414B /* SearchUserScreenTableViewHeader.swift in Sources */ = {isa = PBXBuildFile; fileRef = 8F73470E26C5184F00A7414B /* SearchUserScreenTableViewHeader.swift */; };
		8F73471126C5242400A7414B /* GitService.swift in Sources */ = {isa = PBXBuildFile; fileRef = 8F73471026C5242400A7414B /* GitService.swift */; };
		8F73471326C5349400A7414B /* Repository.swift in Sources */ = {isa = PBXBuildFile; fileRef = 8F73471226C5349400A7414B /* Repository.swift */; };
		8F73471726C961B600A7414B /* DownloadedReposScreenController.swift in Sources */ = {isa = PBXBuildFile; fileRef = 8F73471626C961B600A7414B /* DownloadedReposScreenController.swift */; };
		8F73471B26C990C600A7414B /* CoreDataManager.swift in Sources */ = {isa = PBXBuildFile; fileRef = 8F73471A26C990C600A7414B /* CoreDataManager.swift */; };
		8F73472226C9A6B800A7414B /* SplashScreenView.swift in Sources */ = {isa = PBXBuildFile; fileRef = 8F73472126C9A6B800A7414B /* SplashScreenView.swift */; };
		8FDC236926C23AB00011D535 /* AppDelegate.swift in Sources */ = {isa = PBXBuildFile; fileRef = 8FDC236826C23AB00011D535 /* AppDelegate.swift */; };
		8FDC236B26C23AB00011D535 /* SceneDelegate.swift in Sources */ = {isa = PBXBuildFile; fileRef = 8FDC236A26C23AB00011D535 /* SceneDelegate.swift */; };
		8FDC237326C23AB00011D535 /* _205team.xcdatamodeld in Sources */ = {isa = PBXBuildFile; fileRef = 8FDC237126C23AB00011D535 /* _205team.xcdatamodeld */; };
		8FDC237526C23AB30011D535 /* Assets.xcassets in Resources */ = {isa = PBXBuildFile; fileRef = 8FDC237426C23AB30011D535 /* Assets.xcassets */; };
		8FDC237826C23AB30011D535 /* LaunchScreen.storyboard in Resources */ = {isa = PBXBuildFile; fileRef = 8FDC237626C23AB30011D535 /* LaunchScreen.storyboard */; };
		8FDC238626C3C3290011D535 /* TabBarController.swift in Sources */ = {isa = PBXBuildFile; fileRef = 8FDC238526C3C3290011D535 /* TabBarController.swift */; };
/* End PBXBuildFile section */

/* Begin PBXFileReference section */
		8F73470426C3EF1C00A7414B /* SearchUserScreenController.swift */ = {isa = PBXFileReference; lastKnownFileType = sourcecode.swift; path = SearchUserScreenController.swift; sourceTree = "<group>"; };
		8F73470626C3EF2B00A7414B /* SearchUserScreenView.swift */ = {isa = PBXFileReference; lastKnownFileType = sourcecode.swift; path = SearchUserScreenView.swift; sourceTree = "<group>"; };
		8F73470B26C4F88100A7414B /* SearchUserScreenTableViewCell.swift */ = {isa = PBXFileReference; lastKnownFileType = sourcecode.swift; path = SearchUserScreenTableViewCell.swift; sourceTree = "<group>"; };
		8F73470E26C5184F00A7414B /* SearchUserScreenTableViewHeader.swift */ = {isa = PBXFileReference; lastKnownFileType = sourcecode.swift; path = SearchUserScreenTableViewHeader.swift; sourceTree = "<group>"; };
		8F73471026C5242400A7414B /* GitService.swift */ = {isa = PBXFileReference; lastKnownFileType = sourcecode.swift; path = GitService.swift; sourceTree = "<group>"; };
		8F73471226C5349400A7414B /* Repository.swift */ = {isa = PBXFileReference; lastKnownFileType = sourcecode.swift; path = Repository.swift; sourceTree = "<group>"; };
		8F73471626C961B600A7414B /* DownloadedReposScreenController.swift */ = {isa = PBXFileReference; lastKnownFileType = sourcecode.swift; path = DownloadedReposScreenController.swift; sourceTree = "<group>"; };
		8F73471A26C990C600A7414B /* CoreDataManager.swift */ = {isa = PBXFileReference; lastKnownFileType = sourcecode.swift; path = CoreDataManager.swift; sourceTree = "<group>"; };
		8F73472126C9A6B800A7414B /* SplashScreenView.swift */ = {isa = PBXFileReference; lastKnownFileType = sourcecode.swift; path = SplashScreenView.swift; sourceTree = "<group>"; };
		8FDC236526C23AB00011D535 /* 3205team.app */ = {isa = PBXFileReference; explicitFileType = wrapper.application; includeInIndex = 0; path = 3205team.app; sourceTree = BUILT_PRODUCTS_DIR; };
		8FDC236826C23AB00011D535 /* AppDelegate.swift */ = {isa = PBXFileReference; lastKnownFileType = sourcecode.swift; path = AppDelegate.swift; sourceTree = "<group>"; };
		8FDC236A26C23AB00011D535 /* SceneDelegate.swift */ = {isa = PBXFileReference; lastKnownFileType = sourcecode.swift; path = SceneDelegate.swift; sourceTree = "<group>"; };
		8FDC237226C23AB00011D535 /* _205team.xcdatamodel */ = {isa = PBXFileReference; lastKnownFileType = wrapper.xcdatamodel; path = _205team.xcdatamodel; sourceTree = "<group>"; };
		8FDC237426C23AB30011D535 /* Assets.xcassets */ = {isa = PBXFileReference; lastKnownFileType = folder.assetcatalog; path = Assets.xcassets; sourceTree = "<group>"; };
		8FDC237726C23AB30011D535 /* Base */ = {isa = PBXFileReference; lastKnownFileType = file.storyboard; name = Base; path = Base.lproj/LaunchScreen.storyboard; sourceTree = "<group>"; };
		8FDC237926C23AB30011D535 /* Info.plist */ = {isa = PBXFileReference; lastKnownFileType = text.plist.xml; path = Info.plist; sourceTree = "<group>"; };
		8FDC238526C3C3290011D535 /* TabBarController.swift */ = {isa = PBXFileReference; lastKnownFileType = sourcecode.swift; path = TabBarController.swift; sourceTree = "<group>"; };
/* End PBXFileReference section */

/* Begin PBXFrameworksBuildPhase section */
		8FDC236226C23AB00011D535 /* Frameworks */ = {
			isa = PBXFrameworksBuildPhase;
			buildActionMask = 2147483647;
			files = (
			);
			runOnlyForDeploymentPostprocessing = 0;
		};
/* End PBXFrameworksBuildPhase section */

/* Begin PBXGroup section */
		8F7346FC26C3ED9600A7414B /* SearchUserScreen */ = {
			isa = PBXGroup;
			children = (
				8F73470026C3EDF700A7414B /* Model */,
				8F7346FF26C3EDF000A7414B /* View */,
				8F7346FE26C3EDE400A7414B /* Controller */,
			);
			path = SearchUserScreen;
			sourceTree = "<group>";
		};
		8F7346FD26C3EDAF00A7414B /* DownloadedReposScreen */ = {
			isa = PBXGroup;
			children = (
				8F73470326C3EE1100A7414B /* Model */,
				8F73470226C3EE0900A7414B /* View */,
				8F73470126C3EE0000A7414B /* Controller */,
			);
			path = DownloadedReposScreen;
			sourceTree = "<group>";
		};
		8F7346FE26C3EDE400A7414B /* Controller */ = {
			isa = PBXGroup;
			children = (
				8F73470426C3EF1C00A7414B /* SearchUserScreenController.swift */,
			);
			path = Controller;
			sourceTree = "<group>";
		};
		8F7346FF26C3EDF000A7414B /* View */ = {
			isa = PBXGroup;
			children = (
				8F73470D26C517A100A7414B /* Header */,
				8F73470A26C4F85800A7414B /* Cell */,
				8F73470626C3EF2B00A7414B /* SearchUserScreenView.swift */,
			);
			path = View;
			sourceTree = "<group>";
		};
		8F73470026C3EDF700A7414B /* Model */ = {
			isa = PBXGroup;
			children = (
			);
			path = Model;
			sourceTree = "<group>";
		};
		8F73470126C3EE0000A7414B /* Controller */ = {
			isa = PBXGroup;
			children = (
				8F73471626C961B600A7414B /* DownloadedReposScreenController.swift */,
			);
			path = Controller;
			sourceTree = "<group>";
		};
		8F73470226C3EE0900A7414B /* View */ = {
			isa = PBXGroup;
			children = (
			);
			path = View;
			sourceTree = "<group>";
		};
		8F73470326C3EE1100A7414B /* Model */ = {
			isa = PBXGroup;
			children = (
			);
			path = Model;
			sourceTree = "<group>";
		};
		8F73470826C4F7E600A7414B /* Services */ = {
			isa = PBXGroup;
			children = (
				8F73471226C5349400A7414B /* Repository.swift */,
				8F73470926C4F7F100A7414B /* GitService */,
				8F73471A26C990C600A7414B /* CoreDataManager.swift */,
			);
			path = Services;
			sourceTree = "<group>";
		};
		8F73470926C4F7F100A7414B /* GitService */ = {
			isa = PBXGroup;
			children = (
				8F73471026C5242400A7414B /* GitService.swift */,
			);
			path = GitService;
			sourceTree = "<group>";
		};
		8F73470A26C4F85800A7414B /* Cell */ = {
			isa = PBXGroup;
			children = (
				8F73470B26C4F88100A7414B /* SearchUserScreenTableViewCell.swift */,
			);
			path = Cell;
			sourceTree = "<group>";
		};
		8F73470D26C517A100A7414B /* Header */ = {
			isa = PBXGroup;
			children = (
				8F73470E26C5184F00A7414B /* SearchUserScreenTableViewHeader.swift */,
			);
			path = Header;
			sourceTree = "<group>";
		};
		8F73471C26C9A66D00A7414B /* SplashScreen */ = {
			isa = PBXGroup;
			children = (
				8F73472126C9A6B800A7414B /* SplashScreenView.swift */,
				8FDC237626C23AB30011D535 /* LaunchScreen.storyboard */,
			);
			path = SplashScreen;
			sourceTree = "<group>";
		};
		8FDC235C26C23AB00011D535 = {
			isa = PBXGroup;
			children = (
				8FDC236726C23AB00011D535 /* 3205team */,
				8FDC236626C23AB00011D535 /* Products */,
			);
			sourceTree = "<group>";
		};
		8FDC236626C23AB00011D535 /* Products */ = {
			isa = PBXGroup;
			children = (
				8FDC236526C23AB00011D535 /* 3205team.app */,
			);
			name = Products;
			sourceTree = "<group>";
		};
		8FDC236726C23AB00011D535 /* 3205team */ = {
			isa = PBXGroup;
			children = (
				8F73470826C4F7E600A7414B /* Services */,
				8FDC238126C3C2B10011D535 /* Presentation */,
				8FDC237F26C38DD90011D535 /* Sources */,
				8FDC237426C23AB30011D535 /* Assets.xcassets */,
				8FDC237926C23AB30011D535 /* Info.plist */,
				8FDC237126C23AB00011D535 /* _205team.xcdatamodeld */,
			);
			path = 3205team;
			sourceTree = "<group>";
		};
		8FDC237F26C38DD90011D535 /* Sources */ = {
			isa = PBXGroup;
			children = (
				8FDC238026C38DF50011D535 /* Delegates */,
			);
			path = Sources;
			sourceTree = "<group>";
		};
		8FDC238026C38DF50011D535 /* Delegates */ = {
			isa = PBXGroup;
			children = (
				8FDC236826C23AB00011D535 /* AppDelegate.swift */,
				8FDC236A26C23AB00011D535 /* SceneDelegate.swift */,
			);
			path = Delegates;
			sourceTree = "<group>";
		};
		8FDC238126C3C2B10011D535 /* Presentation */ = {
			isa = PBXGroup;
			children = (
				8FDC238426C3C3000011D535 /* TabBar */,
				8F73471C26C9A66D00A7414B /* SplashScreen */,
				8F7346FC26C3ED9600A7414B /* SearchUserScreen */,
				8F7346FD26C3EDAF00A7414B /* DownloadedReposScreen */,
			);
			path = Presentation;
			sourceTree = "<group>";
		};
		8FDC238426C3C3000011D535 /* TabBar */ = {
			isa = PBXGroup;
			children = (
				8FDC238526C3C3290011D535 /* TabBarController.swift */,
			);
			path = TabBar;
			sourceTree = "<group>";
		};
/* End PBXGroup section */

/* Begin PBXNativeTarget section */
		8FDC236426C23AB00011D535 /* 3205team */ = {
			isa = PBXNativeTarget;
			buildConfigurationList = 8FDC237C26C23AB30011D535 /* Build configuration list for PBXNativeTarget "3205team" */;
			buildPhases = (
				8FDC236126C23AB00011D535 /* Sources */,
				8FDC236226C23AB00011D535 /* Frameworks */,
				8FDC236326C23AB00011D535 /* Resources */,
			);
			buildRules = (
			);
			dependencies = (
			);
			name = 3205team;
			productName = 3205team;
			productReference = 8FDC236526C23AB00011D535 /* 3205team.app */;
			productType = "com.apple.product-type.application";
		};
/* End PBXNativeTarget section */

/* Begin PBXProject section */
		8FDC235D26C23AB00011D535 /* Project object */ = {
			isa = PBXProject;
			attributes = {
				LastSwiftUpdateCheck = 1250;
				LastUpgradeCheck = 1250;
				TargetAttributes = {
					8FDC236426C23AB00011D535 = {
						CreatedOnToolsVersion = 12.5.1;
					};
				};
			};
			buildConfigurationList = 8FDC236026C23AB00011D535 /* Build configuration list for PBXProject "3205team" */;
			compatibilityVersion = "Xcode 9.3";
			developmentRegion = en;
			hasScannedForEncodings = 0;
			knownRegions = (
				en,
				Base,
			);
			mainGroup = 8FDC235C26C23AB00011D535;
			productRefGroup = 8FDC236626C23AB00011D535 /* Products */;
			projectDirPath = "";
			projectRoot = "";
			targets = (
				8FDC236426C23AB00011D535 /* 3205team */,
			);
		};
/* End PBXProject section */

/* Begin PBXResourcesBuildPhase section */
		8FDC236326C23AB00011D535 /* Resources */ = {
			isa = PBXResourcesBuildPhase;
			buildActionMask = 2147483647;
			files = (
				8FDC237826C23AB30011D535 /* LaunchScreen.storyboard in Resources */,
				8FDC237526C23AB30011D535 /* Assets.xcassets in Resources */,
			);
			runOnlyForDeploymentPostprocessing = 0;
		};
/* End PBXResourcesBuildPhase section */

/* Begin PBXSourcesBuildPhase section */
		8FDC236126C23AB00011D535 /* Sources */ = {
			isa = PBXSourcesBuildPhase;
			buildActionMask = 2147483647;
			files = (
				8F73470F26C5184F00A7414B /* SearchUserScreenTableViewHeader.swift in Sources */,
				8FDC236926C23AB00011D535 /* AppDelegate.swift in Sources */,
				8F73470526C3EF1C00A7414B /* SearchUserScreenController.swift in Sources */,
				8FDC237326C23AB00011D535 /* _205team.xcdatamodeld in Sources */,
				8F73471326C5349400A7414B /* Repository.swift in Sources */,
				8FDC238626C3C3290011D535 /* TabBarController.swift in Sources */,
				8F73471B26C990C600A7414B /* CoreDataManager.swift in Sources */,
				8F73472226C9A6B800A7414B /* SplashScreenView.swift in Sources */,
				8F73471126C5242400A7414B /* GitService.swift in Sources */,
				8F73470726C3EF2B00A7414B /* SearchUserScreenView.swift in Sources */,
				8F73470C26C4F88100A7414B /* SearchUserScreenTableViewCell.swift in Sources */,
				8F73471726C961B600A7414B /* DownloadedReposScreenController.swift in Sources */,
				8FDC236B26C23AB00011D535 /* SceneDelegate.swift in Sources */,
			);
			runOnlyForDeploymentPostprocessing = 0;
		};
/* End PBXSourcesBuildPhase section */

/* Begin PBXVariantGroup section */
		8FDC237626C23AB30011D535 /* LaunchScreen.storyboard */ = {
			isa = PBXVariantGroup;
			children = (
				8FDC237726C23AB30011D535 /* Base */,
			);
			name = LaunchScreen.storyboard;
			sourceTree = "<group>";
		};
/* End PBXVariantGroup section */

/* Begin XCBuildConfiguration section */
		8FDC237A26C23AB30011D535 /* Debug */ = {
			isa = XCBuildConfiguration;
			buildSettings = {
				ALWAYS_SEARCH_USER_PATHS = NO;
				CLANG_ANALYZER_NONNULL = YES;
				CLANG_ANALYZER_NUMBER_OBJECT_CONVERSION = YES_AGGRESSIVE;
				CLANG_CXX_LANGUAGE_STANDARD = "gnu++14";
				CLANG_CXX_LIBRARY = "libc++";
				CLANG_ENABLE_MODULES = YES;
				CLANG_ENABLE_OBJC_ARC = YES;
				CLANG_ENABLE_OBJC_WEAK = YES;
				CLANG_WARN_BLOCK_CAPTURE_AUTORELEASING = YES;
				CLANG_WARN_BOOL_CONVERSION = YES;
				CLANG_WARN_COMMA = YES;
				CLANG_WARN_CONSTANT_CONVERSION = YES;
				CLANG_WARN_DEPRECATED_OBJC_IMPLEMENTATIONS = YES;
				CLANG_WARN_DIRECT_OBJC_ISA_USAGE = YES_ERROR;
				CLANG_WARN_DOCUMENTATION_COMMENTS = YES;
				CLANG_WARN_EMPTY_BODY = YES;
				CLANG_WARN_ENUM_CONVERSION = YES;
				CLANG_WARN_INFINITE_RECURSION = YES;
				CLANG_WARN_INT_CONVERSION = YES;
				CLANG_WARN_NON_LITERAL_NULL_CONVERSION = YES;
				CLANG_WARN_OBJC_IMPLICIT_RETAIN_SELF = YES;
				CLANG_WARN_OBJC_LITERAL_CONVERSION = YES;
				CLANG_WARN_OBJC_ROOT_CLASS = YES_ERROR;
				CLANG_WARN_QUOTED_INCLUDE_IN_FRAMEWORK_HEADER = YES;
				CLANG_WARN_RANGE_LOOP_ANALYSIS = YES;
				CLANG_WARN_STRICT_PROTOTYPES = YES;
				CLANG_WARN_SUSPICIOUS_MOVE = YES;
				CLANG_WARN_UNGUARDED_AVAILABILITY = YES_AGGRESSIVE;
				CLANG_WARN_UNREACHABLE_CODE = YES;
				CLANG_WARN__DUPLICATE_METHOD_MATCH = YES;
				COPY_PHASE_STRIP = NO;
				DEBUG_INFORMATION_FORMAT = dwarf;
				ENABLE_STRICT_OBJC_MSGSEND = YES;
				ENABLE_TESTABILITY = YES;
				GCC_C_LANGUAGE_STANDARD = gnu11;
				GCC_DYNAMIC_NO_PIC = NO;
				GCC_NO_COMMON_BLOCKS = YES;
				GCC_OPTIMIZATION_LEVEL = 0;
				GCC_PREPROCESSOR_DEFINITIONS = (
					"DEBUG=1",
					"$(inherited)",
				);
				GCC_WARN_64_TO_32_BIT_CONVERSION = YES;
				GCC_WARN_ABOUT_RETURN_TYPE = YES_ERROR;
				GCC_WARN_UNDECLARED_SELECTOR = YES;
				GCC_WARN_UNINITIALIZED_AUTOS = YES_AGGRESSIVE;
				GCC_WARN_UNUSED_FUNCTION = YES;
				GCC_WARN_UNUSED_VARIABLE = YES;
				IPHONEOS_DEPLOYMENT_TARGET = 14.5;
				MTL_ENABLE_DEBUG_INFO = INCLUDE_SOURCE;
				MTL_FAST_MATH = YES;
				ONLY_ACTIVE_ARCH = YES;
				SDKROOT = iphoneos;
				SWIFT_ACTIVE_COMPILATION_CONDITIONS = DEBUG;
				SWIFT_OPTIMIZATION_LEVEL = "-Onone";
			};
			name = Debug;
		};
		8FDC237B26C23AB30011D535 /* Release */ = {
			isa = XCBuildConfiguration;
			buildSettings = {
				ALWAYS_SEARCH_USER_PATHS = NO;
				CLANG_ANALYZER_NONNULL = YES;
				CLANG_ANALYZER_NUMBER_OBJECT_CONVERSION = YES_AGGRESSIVE;
				CLANG_CXX_LANGUAGE_STANDARD = "gnu++14";
				CLANG_CXX_LIBRARY = "libc++";
				CLANG_ENABLE_MODULES = YES;
				CLANG_ENABLE_OBJC_ARC = YES;
				CLANG_ENABLE_OBJC_WEAK = YES;
				CLANG_WARN_BLOCK_CAPTURE_AUTORELEASING = YES;
				CLANG_WARN_BOOL_CONVERSION = YES;
				CLANG_WARN_COMMA = YES;
				CLANG_WARN_CONSTANT_CONVERSION = YES;
				CLANG_WARN_DEPRECATED_OBJC_IMPLEMENTATIONS = YES;
				CLANG_WARN_DIRECT_OBJC_ISA_USAGE = YES_ERROR;
				CLANG_WARN_DOCUMENTATION_COMMENTS = YES;
				CLANG_WARN_EMPTY_BODY = YES;
				CLANG_WARN_ENUM_CONVERSION = YES;
				CLANG_WARN_INFINITE_RECURSION = YES;
				CLANG_WARN_INT_CONVERSION = YES;
				CLANG_WARN_NON_LITERAL_NULL_CONVERSION = YES;
				CLANG_WARN_OBJC_IMPLICIT_RETAIN_SELF = YES;
				CLANG_WARN_OBJC_LITERAL_CONVERSION = YES;
				CLANG_WARN_OBJC_ROOT_CLASS = YES_ERROR;
				CLANG_WARN_QUOTED_INCLUDE_IN_FRAMEWORK_HEADER = YES;
				CLANG_WARN_RANGE_LOOP_ANALYSIS = YES;
				CLANG_WARN_STRICT_PROTOTYPES = YES;
				CLANG_WARN_SUSPICIOUS_MOVE = YES;
				CLANG_WARN_UNGUARDED_AVAILABILITY = YES_AGGRESSIVE;
				CLANG_WARN_UNREACHABLE_CODE = YES;
				CLANG_WARN__DUPLICATE_METHOD_MATCH = YES;
				COPY_PHASE_STRIP = NO;
				DEBUG_INFORMATION_FORMAT = "dwarf-with-dsym";
				ENABLE_NS_ASSERTIONS = NO;
				ENABLE_STRICT_OBJC_MSGSEND = YES;
				GCC_C_LANGUAGE_STANDARD = gnu11;
				GCC_NO_COMMON_BLOCKS = YES;
				GCC_WARN_64_TO_32_BIT_CONVERSION = YES;
				GCC_WARN_ABOUT_RETURN_TYPE = YES_ERROR;
				GCC_WARN_UNDECLARED_SELECTOR = YES;
				GCC_WARN_UNINITIALIZED_AUTOS = YES_AGGRESSIVE;
				GCC_WARN_UNUSED_FUNCTION = YES;
				GCC_WARN_UNUSED_VARIABLE = YES;
				IPHONEOS_DEPLOYMENT_TARGET = 14.5;
				MTL_ENABLE_DEBUG_INFO = NO;
				MTL_FAST_MATH = YES;
				SDKROOT = iphoneos;
				SWIFT_COMPILATION_MODE = wholemodule;
				SWIFT_OPTIMIZATION_LEVEL = "-O";
				VALIDATE_PRODUCT = YES;
			};
			name = Release;
		};
		8FDC237D26C23AB30011D535 /* Debug */ = {
			isa = XCBuildConfiguration;
			buildSettings = {
				ASSETCATALOG_COMPILER_APPICON_NAME = AppIcon;
				ASSETCATALOG_COMPILER_GLOBAL_ACCENT_COLOR_NAME = AccentColor;
				CODE_SIGN_STYLE = Automatic;
				DEVELOPMENT_TEAM = 2TB39WXCCG;
				INFOPLIST_FILE = 3205team/Info.plist;
				LD_RUNPATH_SEARCH_PATHS = (
					"$(inherited)",
					"@executable_path/Frameworks",
				);
				PRODUCT_BUNDLE_IDENTIFIER = murentsev.3205team;
				PRODUCT_NAME = "$(TARGET_NAME)";
				SWIFT_VERSION = 5.0;
				TARGETED_DEVICE_FAMILY = "1,2";
			};
			name = Debug;
		};
		8FDC237E26C23AB30011D535 /* Release */ = {
			isa = XCBuildConfiguration;
			buildSettings = {
				ASSETCATALOG_COMPILER_APPICON_NAME = AppIcon;
				ASSETCATALOG_COMPILER_GLOBAL_ACCENT_COLOR_NAME = AccentColor;
				CODE_SIGN_STYLE = Automatic;
				DEVELOPMENT_TEAM = 2TB39WXCCG;
				INFOPLIST_FILE = 3205team/Info.plist;
				LD_RUNPATH_SEARCH_PATHS = (
					"$(inherited)",
					"@executable_path/Frameworks",
				);
				PRODUCT_BUNDLE_IDENTIFIER = murentsev.3205team;
				PRODUCT_NAME = "$(TARGET_NAME)";
				SWIFT_VERSION = 5.0;
				TARGETED_DEVICE_FAMILY = "1,2";
			};
			name = Release;
		};
/* End XCBuildConfiguration section */

/* Begin XCConfigurationList section */
		8FDC236026C23AB00011D535 /* Build configuration list for PBXProject "3205team" */ = {
			isa = XCConfigurationList;
			buildConfigurations = (
				8FDC237A26C23AB30011D535 /* Debug */,
				8FDC237B26C23AB30011D535 /* Release */,
			);
			defaultConfigurationIsVisible = 0;
			defaultConfigurationName = Release;
		};
		8FDC237C26C23AB30011D535 /* Build configuration list for PBXNativeTarget "3205team" */ = {
			isa = XCConfigurationList;
			buildConfigurations = (
				8FDC237D26C23AB30011D535 /* Debug */,
				8FDC237E26C23AB30011D535 /* Release */,
			);
			defaultConfigurationIsVisible = 0;
			defaultConfigurationName = Release;
		};
/* End XCConfigurationList section */

/* Begin XCVersionGroup section */
		8FDC237126C23AB00011D535 /* _205team.xcdatamodeld */ = {
			isa = XCVersionGroup;
			children = (
				8FDC237226C23AB00011D535 /* _205team.xcdatamodel */,
			);
			currentVersion = 8FDC237226C23AB00011D535 /* _205team.xcdatamodel */;
			path = _205team.xcdatamodeld;
			sourceTree = "<group>";
			versionGroupType = wrapper.xcdatamodel;
		};
/* End XCVersionGroup section */
	};
	rootObject = 8FDC235D26C23AB00011D535 /* Project object */;
}
